
Microsoft Visual Studio Solution File, Format Version 12.00
# Visual Studio Version 17
VisualStudioVersion = 17.5.001.0
MinimumVisualStudioVersion = 10.0.40219.1
Project("{9A19103F-16F7-4668-BE54-9A1E7A4F7556}") = "GeussNumber", "GeussNumber.csproj", "{A5F4D498-01DD-4E01-A7B6-01D0A97C8B1B}"
EndProject
Global
	GlobalSection(SolutionConfigurationPlatforms) = preSolution
		Debug|Any CPU = Debug|Any CPU
		Release|Any CPU = Release|Any CPU
	EndGlobalSection
	GlobalSection(ProjectConfigurationPlatforms) = postSolution
		{A5F4D498-01DD-4E01-A7B6-01D0A97C8B1B}.Debug|Any CPU.ActiveCfg = Debug|Any CPU
		{A5F4D498-01DD-4E01-A7B6-01D0A97C8B1B}.Debug|Any CPU.Build.0 = Debug|Any CPU
		{A5F4D498-01DD-4E01-A7B6-01D0A97C8B1B}.Release|Any CPU.ActiveCfg = Release|Any CPU
		{A5F4D498-01DD-4E01-A7B6-01D0A97C8B1B}.Release|Any CPU.Build.0 = Release|Any CPU
	EndGlobalSection
	GlobalSection(SolutionProperties) = preSolution
		HideSolutionNode = FALSE
	EndGlobalSection
	GlobalSection(ExtensibilityGlobals) = postSolution
		SolutionGuid = {69BFD8DE-19E5-4DC4-AD58-68A29F5CFA01}
	EndGlobalSection
EndGlobal
